
Microsoft Visual Studio Solution File, Format Version 12.00
# Visual Studio Version 17
VisualStudioVersion = 17.6.33829.357
MinimumVisualStudioVersion = 10.0.40219.1
Project("{9A19103F-16F7-4668-BE54-9A1E7A4F7556}") = "Customers_Details", "Customers_Details.csproj", "{013BE281-1DD3-4B69-B5F8-5D6004B6889A}"
EndProject
Global
	GlobalSection(SolutionConfigurationPlatforms) = preSolution
		Debug|Any CPU = Debug|Any CPU
		Release|Any CPU = Release|Any CPU
	EndGlobalSection
	GlobalSection(ProjectConfigurationPlatforms) = postSolution
		{013BE281-1DD3-4B69-B5F8-5D6004B6889A}.Debug|Any CPU.ActiveCfg = Debug|Any CPU
		{013BE281-1DD3-4B69-B5F8-5D6004B6889A}.Debug|Any CPU.Build.0 = Debug|Any CPU
		{013BE281-1DD3-4B69-B5F8-5D6004B6889A}.Release|Any CPU.ActiveCfg = Release|Any CPU
		{013BE281-1DD3-4B69-B5F8-5D6004B6889A}.Release|Any CPU.Build.0 = Release|Any CPU
	EndGlobalSection
	GlobalSection(SolutionProperties) = preSolution
		HideSolutionNode = FALSE
	EndGlobalSection
	GlobalSection(ExtensibilityGlobals) = postSolution
		SolutionGuid = {DD1848DA-B2AA-4C51-AE62-75C210C6E60C}
	EndGlobalSection
EndGlobal
